{
  "nodes": {
    "home-manager": {
      "inputs": {
        "nixpkgs": [
          "nixpkgs"
        ]
      },
      "locked": {
        "lastModified": 1725948275,
        "narHash": "sha256-4QOPemDQ9VRLQaAdWuvdDBhh+lEUOAnSMHhdr4nS1mk=",
        "owner": "nix-community",
        "repo": "home-manager",
        "rev": "e5fa72bad0c6f533e8d558182529ee2acc9454fe",
        "type": "github"
      },
      "original": {
        "owner": "nix-community",
        "repo": "home-manager",
        "type": "github"
      }
    },
    "nixos-hardware": {
      "locked": {
        "lastModified": 1725885300,
        "narHash": "sha256-5RLEnou1/GJQl+Wd+Bxaj7QY7FFQ9wjnFq1VNEaxTmc=",
        "owner": "NixOS",
        "repo": "nixos-hardware",
        "rev": "166dee4f88a7e3ba1b7a243edb1aca822f00680e",
        "type": "github"
      },
      "original": {
        "owner": "NixOS",
        "ref": "master",
        "repo": "nixos-hardware",
        "type": "github"
      }
    },
    "nixpkgs": {
      "locked": {
        "lastModified": 1725846813,
        "narHash": "sha256-ZyqLbTwE/k0ZrtHYn//4eEUyHCEkaR7OZFvoopEsSZ4=",
        "owner": "NixOS",
        "repo": "nixpkgs",
        "rev": "03e62e5bc3a6dd3203c3fc6f87aec7684a57da75",
        "type": "github"
      },
      "original": {
        "owner": "NixOS",
        "ref": "nixpkgs-unstable",
        "repo": "nixpkgs",
        "type": "github"
      }
    },
    "root": {
      "inputs": {
        "home-manager": "home-manager",
        "nixos-hardware": "nixos-hardware",
        "nixpkgs": "nixpkgs"
      }
    }
  },
  "root": "root",
  "version": 7
}
